# THIS IS AN AUTOGENERATED FILE. DO NOT EDIT THIS FILE DIRECTLY.
# yarn lockfile v1


"@babel/parser@^7.20.15", "@babel/parser@^7.21.3":
  version "7.22.7"
  resolved "https://registry.npmjs.org/@babel/parser/-/parser-7.22.7.tgz"
  integrity sha512-7NF8pOkHP5o2vpmGgNGcfAeCvOYhGLyA3Z4eBQkT1RJlWu47n63bCs93QfJ2hIAFCil7L5P2IWhs1oToVgrL0Q==

"@esbuild/android-arm64@0.18.13":
  version "0.18.13"
  resolved "https://registry.yarnpkg.com/@esbuild/android-arm64/-/android-arm64-0.18.13.tgz#70ef455455654c7800c31ae55ae295d81712238c"
  integrity sha512-j7NhycJUoUAG5kAzGf4fPWfd17N6SM3o1X6MlXVqfHvs2buFraCJzos9vbeWjLxOyBKHyPOnuCuipbhvbYtTAg==

"@esbuild/android-arm@0.18.13":
  version "0.18.13"
  resolved "https://registry.yarnpkg.com/@esbuild/android-arm/-/android-arm-0.18.13.tgz#15db83099855fc4193658a40687893ee5c95d7a9"
  integrity sha512-KwqFhxRFMKZINHzCqf8eKxE0XqWlAVPRxwy6rc7CbVFxzUWB2sA/s3hbMZeemPdhN3fKBkqOaFhTbS8xJXYIWQ==

"@esbuild/android-x64@0.18.13":
  version "0.18.13"
  resolved "https://registry.yarnpkg.com/@esbuild/android-x64/-/android-x64-0.18.13.tgz#473d589219e1c06e305cf61ca77b8f69d9b6ffab"
  integrity sha512-M2eZkRxR6WnWfVELHmv6MUoHbOqnzoTVSIxgtsyhm/NsgmL+uTmag/VVzdXvmahak1I6sOb1K/2movco5ikDJg==

"@esbuild/darwin-arm64@0.18.13":
  version "0.18.13"
  resolved "https://registry.yarnpkg.com/@esbuild/darwin-arm64/-/darwin-arm64-0.18.13.tgz#0f525b2c1821a0591a06963582e5dc749ba51d45"
  integrity sha512-f5goG30YgR1GU+fxtaBRdSW3SBG9pZW834Mmhxa6terzcboz7P2R0k4lDxlkP7NYRIIdBbWp+VgwQbmMH4yV7w==

"@esbuild/darwin-x64@0.18.13":
  version "0.18.13"
  resolved "https://registry.yarnpkg.com/@esbuild/darwin-x64/-/darwin-x64-0.18.13.tgz#81965b690bae86bf1289b2ce0732506fd41fb545"
  integrity sha512-RIrxoKH5Eo+yE5BtaAIMZaiKutPhZjw+j0OCh8WdvKEKJQteacq0myZvBDLU+hOzQOZWJeDnuQ2xgSScKf1Ovw==

"@esbuild/freebsd-arm64@0.18.13":
  version "0.18.13"
  resolved "https://registry.yarnpkg.com/@esbuild/freebsd-arm64/-/freebsd-arm64-0.18.13.tgz#895bb37fdea886db09549119158e044f146861f0"
  integrity sha512-AfRPhHWmj9jGyLgW/2FkYERKmYR+IjYxf2rtSLmhOrPGFh0KCETFzSjx/JX/HJnvIqHt/DRQD/KAaVsUKoI3Xg==

"@esbuild/freebsd-x64@0.18.13":
  version "0.18.13"
  resolved "https://registry.yarnpkg.com/@esbuild/freebsd-x64/-/freebsd-x64-0.18.13.tgz#0b1dfde3ff1b18f03f71e460f91dc463e6a23903"
  integrity sha512-pGzWWZJBInhIgdEwzn8VHUBang8UvFKsvjDkeJ2oyY5gZtAM6BaxK0QLCuZY+qoj/nx/lIaItH425rm/hloETA==

"@esbuild/linux-arm64@0.18.13":
  version "0.18.13"
  resolved "https://registry.yarnpkg.com/@esbuild/linux-arm64/-/linux-arm64-0.18.13.tgz#350febed5d32d8ec1a424a4c4d7c9ba885604960"
  integrity sha512-hCzZbVJEHV7QM77fHPv2qgBcWxgglGFGCxk6KfQx6PsVIdi1u09X7IvgE9QKqm38OpkzaAkPnnPqwRsltvLkIQ==

"@esbuild/linux-arm@0.18.13":
  version "0.18.13"
  resolved "https://registry.yarnpkg.com/@esbuild/linux-arm/-/linux-arm-0.18.13.tgz#47639d73d894026350eaccf7c174f1d26b747d6a"
  integrity sha512-4iMxLRMCxGyk7lEvkkvrxw4aJeC93YIIrfbBlUJ062kilUUnAiMb81eEkVvCVoh3ON283ans7+OQkuy1uHW+Hw==

"@esbuild/linux-ia32@0.18.13":
  version "0.18.13"
  resolved "https://registry.yarnpkg.com/@esbuild/linux-ia32/-/linux-ia32-0.18.13.tgz#a901a16349c58bf6f873bced36bdf46a5f4dac5d"
  integrity sha512-I3OKGbynl3AAIO6onXNrup/ttToE6Rv2XYfFgLK/wnr2J+1g+7k4asLrE+n7VMhaqX+BUnyWkCu27rl+62Adug==

"@esbuild/linux-loong64@0.18.13":
  version "0.18.13"
  resolved "https://registry.yarnpkg.com/@esbuild/linux-loong64/-/linux-loong64-0.18.13.tgz#faa08db402c18e351234719e00aba98867aa34ce"
  integrity sha512-8pcKDApAsKc6WW51ZEVidSGwGbebYw2qKnO1VyD8xd6JN0RN6EUXfhXmDk9Vc4/U3Y4AoFTexQewQDJGsBXBpg==

"@esbuild/linux-mips64el@0.18.13":
  version "0.18.13"
  resolved "https://registry.yarnpkg.com/@esbuild/linux-mips64el/-/linux-mips64el-0.18.13.tgz#2123a54b49ddc1a1dff057bba8a9a5e9f26e5009"
  integrity sha512-6GU+J1PLiVqWx8yoCK4Z0GnfKyCGIH5L2KQipxOtbNPBs+qNDcMJr9euxnyJ6FkRPyMwaSkjejzPSISD9hb+gg==

"@esbuild/linux-ppc64@0.18.13":
  version "0.18.13"
  resolved "https://registry.yarnpkg.com/@esbuild/linux-ppc64/-/linux-ppc64-0.18.13.tgz#9a9befd275a6a3f5baeed89aaafb746df7ba735d"
  integrity sha512-pfn/OGZ8tyR8YCV7MlLl5hAit2cmS+j/ZZg9DdH0uxdCoJpV7+5DbuXrR+es4ayRVKIcfS9TTMCs60vqQDmh+w==

"@esbuild/linux-riscv64@0.18.13":
  version "0.18.13"
  resolved "https://registry.yarnpkg.com/@esbuild/linux-riscv64/-/linux-riscv64-0.18.13.tgz#6644a5b5840fa0c3ffade6f87d943413ece520a8"
  integrity sha512-aIbhU3LPg0lOSCfVeGHbmGYIqOtW6+yzO+Nfv57YblEK01oj0mFMtvDJlOaeAZ6z0FZ9D13oahi5aIl9JFphGg==

"@esbuild/linux-s390x@0.18.13":
  version "0.18.13"
  resolved "https://registry.yarnpkg.com/@esbuild/linux-s390x/-/linux-s390x-0.18.13.tgz#c1367a0a02b37f6b0382e71d9c9d97352ca23013"
  integrity sha512-Pct1QwF2sp+5LVi4Iu5Y+6JsGaV2Z2vm4O9Dd7XZ5tKYxEHjFtb140fiMcl5HM1iuv6xXO8O1Vrb1iJxHlv8UA==

"@esbuild/linux-x64@0.18.13":
  version "0.18.13"
  resolved "https://registry.npmjs.org/@esbuild/linux-x64/-/linux-x64-0.18.13.tgz"
  integrity sha512-zTrIP0KzYP7O0+3ZnmzvUKgGtUvf4+piY8PIO3V8/GfmVd3ZyHJGz7Ht0np3P1wz+I8qJ4rjwJKqqEAbIEPngA==

"@esbuild/netbsd-x64@0.18.13":
  version "0.18.13"
  resolved "https://registry.yarnpkg.com/@esbuild/netbsd-x64/-/netbsd-x64-0.18.13.tgz#67954292195ecbdae33ab09a9ae6a7f566e49d04"
  integrity sha512-I6zs10TZeaHDYoGxENuksxE1sxqZpCp+agYeW039yqFwh3MgVvdmXL5NMveImOC6AtpLvE4xG5ujVic4NWFIDQ==

"@esbuild/openbsd-x64@0.18.13":
  version "0.18.13"
  resolved "https://registry.yarnpkg.com/@esbuild/openbsd-x64/-/openbsd-x64-0.18.13.tgz#b3eef873dfab547fbe7bcdb3573e1c59dea676b7"
  integrity sha512-W5C5nczhrt1y1xPG5bV+0M12p2vetOGlvs43LH8SopQ3z2AseIROu09VgRqydx5qFN7y9qCbpgHLx0kb0TcW7g==

"@esbuild/sunos-x64@0.18.13":
  version "0.18.13"
  resolved "https://registry.yarnpkg.com/@esbuild/sunos-x64/-/sunos-x64-0.18.13.tgz#b368080f42dbb5ae926d0567c02bcd68a34c5efd"
  integrity sha512-X/xzuw4Hzpo/yq3YsfBbIsipNgmsm8mE/QeWbdGdTTeZ77fjxI2K0KP3AlhZ6gU3zKTw1bKoZTuKLnqcJ537qw==

"@esbuild/win32-arm64@0.18.13":
  version "0.18.13"
  resolved "https://registry.yarnpkg.com/@esbuild/win32-arm64/-/win32-arm64-0.18.13.tgz#11dedda0e8cfb5f781411ea362b2040304be0fc3"
  integrity sha512-4CGYdRQT/ILd+yLLE5i4VApMPfGE0RPc/wFQhlluDQCK09+b4JDbxzzjpgQqTPrdnP7r5KUtGVGZYclYiPuHrw==

"@esbuild/win32-ia32@0.18.13":
  version "0.18.13"
  resolved "https://registry.yarnpkg.com/@esbuild/win32-ia32/-/win32-ia32-0.18.13.tgz#6b8aa95515c05827b7c24c9db9581943566e0dcb"
  integrity sha512-D+wKZaRhQI+MUGMH+DbEr4owC2D7XnF+uyGiZk38QbgzLcofFqIOwFs7ELmIeU45CQgfHNy9Q+LKW3cE8g37Kg==

"@esbuild/win32-x64@0.18.13":
  version "0.18.13"
  resolved "https://registry.yarnpkg.com/@esbuild/win32-x64/-/win32-x64-0.18.13.tgz#031f69b1f4cf62a18c38d502458c0b8b02625461"
  integrity sha512-iVl6lehAfJS+VmpF3exKpNQ8b0eucf5VWfzR8S7xFve64NBNz2jPUgx1X93/kfnkfgP737O+i1k54SVQS7uVZA==

"@jridgewell/sourcemap-codec@^1.4.15":
  version "1.4.15"
  resolved "https://registry.npmjs.org/@jridgewell/sourcemap-codec/-/sourcemap-codec-1.4.15.tgz"
  integrity sha512-eF2rxCRulEKXHTRiDrDy6erMYWqNw4LPdQ8UQA4huuxaQsVeRPFl2oM8oDGxMFhJUWZf9McpLtJasDDZb/Bpeg==

"@vitejs/plugin-vue@^4.2.3":
  version "4.2.3"
  resolved "https://registry.npmjs.org/@vitejs/plugin-vue/-/plugin-vue-4.2.3.tgz"
  integrity sha512-R6JDUfiZbJA9cMiguQ7jxALsgiprjBeHL5ikpXfJCH62pPHtI+JdJ5xWj6Ev73yXSlYl86+blXn1kZHQ7uElxw==

"@volar/language-core@1.9.0", "@volar/language-core@~1.9.0":
  version "1.9.0"
  resolved "https://registry.npmjs.org/@volar/language-core/-/language-core-1.9.0.tgz"
  integrity sha512-+PTRrGanAD2PxqMty0ZC46xhgW5BWzb67RLHhZyB3Im4+eMXsKlYjFUt7Z8ZCwTWQQOnj8NQ6gSgUEoOTwAHrQ==
  dependencies:
    "@volar/source-map" "1.9.0"

"@volar/source-map@1.9.0", "@volar/source-map@~1.9.0":
  version "1.9.0"
  resolved "https://registry.npmjs.org/@volar/source-map/-/source-map-1.9.0.tgz"
  integrity sha512-TQWLY8ozUOHBHTMC2pHZsNbtM25Q9QCEwAL8JFR/gmR9Yv0d9qup/gQdd5sDI7RmoPYKD+gqjLrbM4Ib41QSJQ==
  dependencies:
    muggle-string "^0.3.1"

"@volar/typescript@~1.9.0":
  version "1.9.0"
  resolved "https://registry.npmjs.org/@volar/typescript/-/typescript-1.9.0.tgz"
  integrity sha512-B8X4/H6V93uD7zu5VCw05eB0Ukcc39SFKsZoeylkAk2sJ50oaJLpajnQ8Ov4c+FnVQ6iPA6Xy1qdWoWJjh6xEg==
  dependencies:
    "@volar/language-core" "1.9.0"

"@vue/compiler-core@3.3.4":
  version "3.3.4"
  resolved "https://registry.npmjs.org/@vue/compiler-core/-/compiler-core-3.3.4.tgz"
  integrity sha512-cquyDNvZ6jTbf/+x+AgM2Arrp6G4Dzbb0R64jiG804HRMfRiFXWI6kqUVqZ6ZR0bQhIoQjB4+2bhNtVwndW15g==
  dependencies:
    "@babel/parser" "^7.21.3"
    "@vue/shared" "3.3.4"
    estree-walker "^2.0.2"
    source-map-js "^1.0.2"

"@vue/compiler-dom@3.3.4", "@vue/compiler-dom@^3.3.0":
  version "3.3.4"
  resolved "https://registry.npmjs.org/@vue/compiler-dom/-/compiler-dom-3.3.4.tgz"
  integrity sha512-wyM+OjOVpuUukIq6p5+nwHYtj9cFroz9cwkfmP9O1nzH68BenTTv0u7/ndggT8cIQlnBeOo6sUT/gvHcIkLA5w==
  dependencies:
    "@vue/compiler-core" "3.3.4"
    "@vue/shared" "3.3.4"

"@vue/compiler-sfc@3.3.4":
  version "3.3.4"
  resolved "https://registry.npmjs.org/@vue/compiler-sfc/-/compiler-sfc-3.3.4.tgz"
  integrity sha512-6y/d8uw+5TkCuzBkgLS0v3lSM3hJDntFEiUORM11pQ/hKvkhSKZrXW6i69UyXlJQisJxuUEJKAWEqWbWsLeNKQ==
  dependencies:
    "@babel/parser" "^7.20.15"
    "@vue/compiler-core" "3.3.4"
    "@vue/compiler-dom" "3.3.4"
    "@vue/compiler-ssr" "3.3.4"
    "@vue/reactivity-transform" "3.3.4"
    "@vue/shared" "3.3.4"
    estree-walker "^2.0.2"
    magic-string "^0.30.0"
    postcss "^8.1.10"
    source-map-js "^1.0.2"

"@vue/compiler-ssr@3.3.4":
  version "3.3.4"
  resolved "https://registry.npmjs.org/@vue/compiler-ssr/-/compiler-ssr-3.3.4.tgz"
  integrity sha512-m0v6oKpup2nMSehwA6Uuu+j+wEwcy7QmwMkVNVfrV9P2qE5KshC6RwOCq8fjGS/Eak/uNb8AaWekfiXxbBB6gQ==
  dependencies:
    "@vue/compiler-dom" "3.3.4"
    "@vue/shared" "3.3.4"

"@vue/devtools-api@^6.5.0":
  version "6.5.0"
  resolved "https://registry.npmjs.org/@vue/devtools-api/-/devtools-api-6.5.0.tgz"
  integrity sha512-o9KfBeaBmCKl10usN4crU53fYtC1r7jJwdGKjPT24t348rHxgfpZ0xL3Xm/gLUYnc0oTp8LAmrxOeLyu6tbk2Q==

"@vue/language-core@1.8.5":
  version "1.8.5"
  resolved "https://registry.npmjs.org/@vue/language-core/-/language-core-1.8.5.tgz"
  integrity sha512-DKQNiNQzNV7nrkZQujvjfX73zqKdj2+KoM4YeKl+ft3f+crO3JB4ycPnmgaRMNX/ULJootdQPGHKFRl5cXxwaw==
  dependencies:
    "@volar/language-core" "~1.9.0"
    "@volar/source-map" "~1.9.0"
    "@vue/compiler-dom" "^3.3.0"
    "@vue/reactivity" "^3.3.0"
    "@vue/shared" "^3.3.0"
    minimatch "^9.0.0"
    muggle-string "^0.3.1"
    vue-template-compiler "^2.7.14"

"@vue/reactivity-transform@3.3.4":
  version "3.3.4"
  resolved "https://registry.npmjs.org/@vue/reactivity-transform/-/reactivity-transform-3.3.4.tgz"
  integrity sha512-MXgwjako4nu5WFLAjpBnCj/ieqcjE2aJBINUNQzkZQfzIZA4xn+0fV1tIYBJvvva3N3OvKGofRLvQIwEQPpaXw==
  dependencies:
    "@babel/parser" "^7.20.15"
    "@vue/compiler-core" "3.3.4"
    "@vue/shared" "3.3.4"
    estree-walker "^2.0.2"
    magic-string "^0.30.0"

"@vue/reactivity@3.3.4", "@vue/reactivity@^3.3.0":
  version "3.3.4"
  resolved "https://registry.npmjs.org/@vue/reactivity/-/reactivity-3.3.4.tgz"
  integrity sha512-kLTDLwd0B1jG08NBF3R5rqULtv/f8x3rOFByTDz4J53ttIQEDmALqKqXY0J+XQeN0aV2FBxY8nJDf88yvOPAqQ==
  dependencies:
    "@vue/shared" "3.3.4"

"@vue/runtime-core@3.3.4":
  version "3.3.4"
  resolved "https://registry.npmjs.org/@vue/runtime-core/-/runtime-core-3.3.4.tgz"
  integrity sha512-R+bqxMN6pWO7zGI4OMlmvePOdP2c93GsHFM/siJI7O2nxFRzj55pLwkpCedEY+bTMgp5miZ8CxfIZo3S+gFqvA==
  dependencies:
    "@vue/reactivity" "3.3.4"
    "@vue/shared" "3.3.4"

"@vue/runtime-dom@3.3.4":
  version "3.3.4"
  resolved "https://registry.npmjs.org/@vue/runtime-dom/-/runtime-dom-3.3.4.tgz"
  integrity sha512-Aj5bTJ3u5sFsUckRghsNjVTtxZQ1OyMWCr5dZRAPijF/0Vy4xEoRCwLyHXcj4D0UFbJ4lbx3gPTgg06K/GnPnQ==
  dependencies:
    "@vue/runtime-core" "3.3.4"
    "@vue/shared" "3.3.4"
    csstype "^3.1.1"

"@vue/server-renderer@3.3.4":
  version "3.3.4"
  resolved "https://registry.npmjs.org/@vue/server-renderer/-/server-renderer-3.3.4.tgz"
  integrity sha512-Q6jDDzR23ViIb67v+vM1Dqntu+HUexQcsWKhhQa4ARVzxOY2HbC7QRW/ggkDBd5BU+uM1sV6XOAP0b216o34JQ==
  dependencies:
    "@vue/compiler-ssr" "3.3.4"
    "@vue/shared" "3.3.4"

"@vue/shared@3.3.4", "@vue/shared@^3.3.0":
  version "3.3.4"
  resolved "https://registry.npmjs.org/@vue/shared/-/shared-3.3.4.tgz"
  integrity sha512-7OjdcV8vQ74eiz1TZLzZP4JwqM5fA94K6yntPS5Z25r9HDuGNzaGdgvwKYq6S+MxwF0TFRwe50fIR/MYnakdkQ==

"@vue/typescript@1.8.5":
  version "1.8.5"
  resolved "https://registry.npmjs.org/@vue/typescript/-/typescript-1.8.5.tgz"
  integrity sha512-domFBbNr3PEcjGBeB+cmgUM3cI6pJsJezguIUKZ1rphkfIkICyoMjCd3TitoP32yo2KABLiaXcGFzgFfQf6B3w==
  dependencies:
    "@volar/typescript" "~1.9.0"
    "@vue/language-core" "1.8.5"

balanced-match@^1.0.0:
  version "1.0.2"
  resolved "https://registry.npmjs.org/balanced-match/-/balanced-match-1.0.2.tgz"
  integrity sha512-3oSeUO0TMV67hN1AmbXsK4yaqU7tjiHlbxRDZOpH0KW9+CeX4bRAaX0Anxt0tx2MrpRpWwQaPwIlISEJhYU5Pw==

brace-expansion@^2.0.1:
  version "2.0.1"
  resolved "https://registry.npmjs.org/brace-expansion/-/brace-expansion-2.0.1.tgz"
  integrity sha512-XnAIvQ8eM+kC6aULx6wuQiwVsnzsi9d3WxzV3FpWTGA19F621kwdbsAcFKXgKUHZWsy+mY6iL1sHTxWEFCytDA==
  dependencies:
    balanced-match "^1.0.0"

csstype@^3.1.1:
  version "3.1.2"
  resolved "https://registry.npmjs.org/csstype/-/csstype-3.1.2.tgz"
  integrity sha512-I7K1Uu0MBPzaFKg4nI5Q7Vs2t+3gWWW648spaF+Rg7pI9ds18Ugn+lvg4SHczUdKlHI5LWBXyqfS8+DufyBsgQ==

de-indent@^1.0.2:
  version "1.0.2"
  resolved "https://registry.npmjs.org/de-indent/-/de-indent-1.0.2.tgz"
  integrity sha512-e/1zu3xH5MQryN2zdVaF0OrdNLUbvWxzMbi+iNA6Bky7l1RoP8a2fIbRocyHclXt/arDrrR6lL3TqFD9pMQTsg==

esbuild@^0.18.10:
  version "0.18.13"
  resolved "https://registry.npmjs.org/esbuild/-/esbuild-0.18.13.tgz"
  integrity sha512-vhg/WR/Oiu4oUIkVhmfcc23G6/zWuEQKFS+yiosSHe4aN6+DQRXIfeloYGibIfVhkr4wyfuVsGNLr+sQU1rWWw==
  optionalDependencies:
    "@esbuild/android-arm" "0.18.13"
    "@esbuild/android-arm64" "0.18.13"
    "@esbuild/android-x64" "0.18.13"
    "@esbuild/darwin-arm64" "0.18.13"
    "@esbuild/darwin-x64" "0.18.13"
    "@esbuild/freebsd-arm64" "0.18.13"
    "@esbuild/freebsd-x64" "0.18.13"
    "@esbuild/linux-arm" "0.18.13"
    "@esbuild/linux-arm64" "0.18.13"
    "@esbuild/linux-ia32" "0.18.13"
    "@esbuild/linux-loong64" "0.18.13"
    "@esbuild/linux-mips64el" "0.18.13"
    "@esbuild/linux-ppc64" "0.18.13"
    "@esbuild/linux-riscv64" "0.18.13"
    "@esbuild/linux-s390x" "0.18.13"
    "@esbuild/linux-x64" "0.18.13"
    "@esbuild/netbsd-x64" "0.18.13"
    "@esbuild/openbsd-x64" "0.18.13"
    "@esbuild/sunos-x64" "0.18.13"
    "@esbuild/win32-arm64" "0.18.13"
    "@esbuild/win32-ia32" "0.18.13"
    "@esbuild/win32-x64" "0.18.13"

estree-walker@^2.0.2:
  version "2.0.2"
  resolved "https://registry.npmjs.org/estree-walker/-/estree-walker-2.0.2.tgz"
  integrity sha512-Rfkk/Mp/DL7JVje3u18FxFujQlTNR2q6QfMSMB7AvCBx91NGj/ba3kCfza0f6dVDbw7YlRf/nDrn7pQrCCyQ/w==

fsevents@~2.3.2:
  version "2.3.3"
  resolved "https://registry.yarnpkg.com/fsevents/-/fsevents-2.3.3.tgz#cac6407785d03675a2a5e1a5305c697b347d90d6"
  integrity sha512-5xoDfX+fL7faATnagmWPpbFtwh/R77WmMMqqHGS65C3vvB0YHrgF+B1YmZ3441tMj5n63k0212XNoJwzlhffQw==

he@^1.2.0:
  version "1.2.0"
  resolved "https://registry.npmjs.org/he/-/he-1.2.0.tgz"
  integrity sha512-F/1DnUGPopORZi0ni+CvrCgHQ5FyEAHRLSApuYWMmrbSwoN2Mn/7k+Gl38gJnR7yyDZk6WLXwiGod1JOWNDKGw==

lru-cache@^6.0.0:
  version "6.0.0"
  resolved "https://registry.npmjs.org/lru-cache/-/lru-cache-6.0.0.tgz"
  integrity sha512-Jo6dJ04CmSjuznwJSS3pUeWmd/H0ffTlkXXgwZi+eq1UCmqQwCh+eLsYOYCwY991i2Fah4h1BEMCx4qThGbsiA==
  dependencies:
    yallist "^4.0.0"

magic-string@^0.30.0:
  version "0.30.1"
  resolved "https://registry.npmjs.org/magic-string/-/magic-string-0.30.1.tgz"
  integrity sha512-mbVKXPmS0z0G4XqFDCTllmDQ6coZzn94aMlb0o/A4HEHJCKcanlDZwYJgwnkmgD3jyWhUgj9VsPrfd972yPffA==
  dependencies:
    "@jridgewell/sourcemap-codec" "^1.4.15"

minimatch@^9.0.0:
  version "9.0.3"
  resolved "https://registry.npmjs.org/minimatch/-/minimatch-9.0.3.tgz"
  integrity sha512-RHiac9mvaRw0x3AYRgDC1CxAP7HTcNrrECeA8YYJeWnpo+2Q5CegtZjaotWTWxDG3UeGA1coE05iH1mPjT/2mg==
  dependencies:
    brace-expansion "^2.0.1"

muggle-string@^0.3.1:
  version "0.3.1"
  resolved "https://registry.npmjs.org/muggle-string/-/muggle-string-0.3.1.tgz"
  integrity sha512-ckmWDJjphvd/FvZawgygcUeQCxzvohjFO5RxTjj4eq8kw359gFF3E1brjfI+viLMxss5JrHTDRHZvu2/tuy0Qg==

nanoid@^3.3.6:
  version "3.3.6"
  resolved "https://registry.npmjs.org/nanoid/-/nanoid-3.3.6.tgz"
  integrity sha512-BGcqMMJuToF7i1rt+2PWSNVnWIkGCU78jBG3RxO/bZlnZPK2Cmi2QaffxGO/2RvWi9sL+FAiRiXMgsyxQ1DIDA==

picocolors@^1.0.0:
  version "1.0.0"
  resolved "https://registry.npmjs.org/picocolors/-/picocolors-1.0.0.tgz"
  integrity sha512-1fygroTLlHu66zi26VoTDv8yRgm0Fccecssto+MhsZ0D/DGW2sm8E8AjW7NU5VVTRt5GxbeZ5qBuJr+HyLYkjQ==

postcss@^8.1.10, postcss@^8.4.27:
  version "8.4.31"
  resolved "https://registry.npmjs.org/postcss/-/postcss-8.4.31.tgz"
  integrity sha512-PS08Iboia9mts/2ygV3eLpY5ghnUcfLV/EXTOW1E2qYxJKGGBUtNjN76FYHnMs36RmARn41bC0AZmn+rR0OVpQ==
  dependencies:
    nanoid "^3.3.6"
    picocolors "^1.0.0"
    source-map-js "^1.0.2"

rollup@^3.27.1:
  version "3.29.4"
  resolved "https://registry.npmjs.org/rollup/-/rollup-3.29.4.tgz"
  integrity sha512-oWzmBZwvYrU0iJHtDmhsm662rC15FRXmcjCk1xD771dFDx5jJ02ufAQQTn0etB2emNk4J9EZg/yWKpsn9BWGRw==
  optionalDependencies:
    fsevents "~2.3.2"

semver@^7.3.8:
  version "7.5.4"
  resolved "https://registry.npmjs.org/semver/-/semver-7.5.4.tgz"
  integrity sha512-1bCSESV6Pv+i21Hvpxp3Dx+pSD8lIPt8uVjRrxAUt/nbswYc+tK6Y2btiULjd4+fnq15PX+nqQDC7Oft7WkwcA==
  dependencies:
    lru-cache "^6.0.0"

source-map-js@^1.0.2:
  version "1.0.2"
  resolved "https://registry.npmjs.org/source-map-js/-/source-map-js-1.0.2.tgz"
  integrity sha512-R0XvVJ9WusLiqTCEiGCmICCMplcCkIwwR11mOSD9CR5u+IXYdiseeEuXCVAjS54zqwkLcPNnmU4OeJ6tUrWhDw==

typescript@^5.0.2:
  version "5.1.6"
  resolved "https://registry.npmjs.org/typescript/-/typescript-5.1.6.tgz"
  integrity sha512-zaWCozRZ6DLEWAWFrVDz1H6FVXzUSfTy5FUMWsQlU8Ym5JP9eO4xkTIROFCQvhQf61z6O/G6ugw3SgAnvvm+HA==

vite@^4.5.0:
  version "4.5.0"
  resolved "https://registry.npmjs.org/vite/-/vite-4.5.0.tgz"
  integrity sha512-ulr8rNLA6rkyFAlVWw2q5YJ91v098AFQ2R0PRFwPzREXOUJQPtFUG0t+/ZikhaOCDqFoDhN6/v8Sq0o4araFAw==
  dependencies:
    esbuild "^0.18.10"
    postcss "^8.4.27"
    rollup "^3.27.1"
  optionalDependencies:
    fsevents "~2.3.2"

vue-router@4:
  version "4.2.4"
  resolved "https://registry.npmjs.org/vue-router/-/vue-router-4.2.4.tgz"
  integrity sha512-9PISkmaCO02OzPVOMq2w82ilty6+xJmQrarYZDkjZBfl4RvYAlt4PKnEX21oW4KTtWfa9OuO/b3qk1Od3AEdCQ==
  dependencies:
    "@vue/devtools-api" "^6.5.0"

vue-template-compiler@^2.7.14:
  version "2.7.14"
  resolved "https://registry.npmjs.org/vue-template-compiler/-/vue-template-compiler-2.7.14.tgz"
  integrity sha512-zyA5Y3ArvVG0NacJDkkzJuPQDF8RFeRlzV2vLeSnhSpieO6LK2OVbdLPi5MPPs09Ii+gMO8nY4S3iKQxBxDmWQ==
  dependencies:
    de-indent "^1.0.2"
    he "^1.2.0"

vue-tsc@^1.8.3:
  version "1.8.5"
  resolved "https://registry.npmjs.org/vue-tsc/-/vue-tsc-1.8.5.tgz"
  integrity sha512-Jr8PTghJIwp69MFsEZoADDcv2l+lXA8juyN/5AYA5zxyZNvIHjSbgKgkYIYc1qnihrOyIG1VOnfk4ZE0jqn8bw==
  dependencies:
    "@vue/language-core" "1.8.5"
    "@vue/typescript" "1.8.5"
    semver "^7.3.8"

vue@^3.3.4:
  version "3.3.4"
  resolved "https://registry.npmjs.org/vue/-/vue-3.3.4.tgz"
  integrity sha512-VTyEYn3yvIeY1Py0WaYGZsXnz3y5UnGi62GjVEqvEGPl6nxbOrCXbVOTQWBEJUqAyTUk2uJ5JLVnYJ6ZzGbrSw==
  dependencies:
    "@vue/compiler-dom" "3.3.4"
    "@vue/compiler-sfc" "3.3.4"
    "@vue/runtime-dom" "3.3.4"
    "@vue/server-renderer" "3.3.4"
    "@vue/shared" "3.3.4"

yallist@^4.0.0:
  version "4.0.0"
  resolved "https://registry.npmjs.org/yallist/-/yallist-4.0.0.tgz"
  integrity sha512-3wdGidZyq5PB084XLES5TpOSRA3wjXAlIWMhum2kRcv/41Sn2emQ0dycQW4uZXLejwKvg6EsvbdlVL+FYEct7A==
